
Microsoft Visual Studio Solution File, Format Version 12.00
# Visual Studio 2017
Project("{FAE04EC0-301F-11D3-BF4B-00C04F79EFBC}") = "Overlord", "Overlord.csproj", "{6D4CA82B-7C43-AA42-711E-C377E0B8614B}"
EndProject
Project("{FAE04EC0-301F-11D3-BF4B-00C04F79EFBC}") = "Overlord.Plugins", "Overlord.Plugins.csproj", "{1DABB617-78B6-490D-7E43-F1E8176EDBB1}"
EndProject
Project("{FAE04EC0-301F-11D3-BF4B-00C04F79EFBC}") = "Overlord.Editor.Plugins", "Overlord.Editor.Plugins.csproj", "{0522C00D-C84D-A405-BDEC-7F361C1879F9}"
EndProject
Project("{FAE04EC0-301F-11D3-BF4B-00C04F79EFBC}") = "Overlord.Editor", "Overlord.Editor.csproj", "{1A55527A-6F6C-1A16-DD46-72BD1B434DF9}"
EndProject
Global
	GlobalSection(SolutionConfigurationPlatforms) = preSolution
		Debug|Any CPU = Debug|Any CPU
		Release|Any CPU = Release|Any CPU
	EndGlobalSection
	GlobalSection(ProjectConfigurationPlatforms) = postSolution
		{6D4CA82B-7C43-AA42-711E-C377E0B8614B}.Debug|Any CPU.ActiveCfg = Debug|Any CPU
		{6D4CA82B-7C43-AA42-711E-C377E0B8614B}.Debug|Any CPU.Build.0 = Debug|Any CPU
		{6D4CA82B-7C43-AA42-711E-C377E0B8614B}.Release|Any CPU.ActiveCfg = Release|Any CPU
		{6D4CA82B-7C43-AA42-711E-C377E0B8614B}.Release|Any CPU.Build.0 = Release|Any CPU
		{1DABB617-78B6-490D-7E43-F1E8176EDBB1}.Debug|Any CPU.ActiveCfg = Debug|Any CPU
		{1DABB617-78B6-490D-7E43-F1E8176EDBB1}.Debug|Any CPU.Build.0 = Debug|Any CPU
		{1DABB617-78B6-490D-7E43-F1E8176EDBB1}.Release|Any CPU.ActiveCfg = Release|Any CPU
		{1DABB617-78B6-490D-7E43-F1E8176EDBB1}.Release|Any CPU.Build.0 = Release|Any CPU
		{0522C00D-C84D-A405-BDEC-7F361C1879F9}.Debug|Any CPU.ActiveCfg = Debug|Any CPU
		{0522C00D-C84D-A405-BDEC-7F361C1879F9}.Debug|Any CPU.Build.0 = Debug|Any CPU
		{0522C00D-C84D-A405-BDEC-7F361C1879F9}.Release|Any CPU.ActiveCfg = Release|Any CPU
		{0522C00D-C84D-A405-BDEC-7F361C1879F9}.Release|Any CPU.Build.0 = Release|Any CPU
		{1A55527A-6F6C-1A16-DD46-72BD1B434DF9}.Debug|Any CPU.ActiveCfg = Debug|Any CPU
		{1A55527A-6F6C-1A16-DD46-72BD1B434DF9}.Debug|Any CPU.Build.0 = Debug|Any CPU
		{1A55527A-6F6C-1A16-DD46-72BD1B434DF9}.Release|Any CPU.ActiveCfg = Release|Any CPU
		{1A55527A-6F6C-1A16-DD46-72BD1B434DF9}.Release|Any CPU.Build.0 = Release|Any CPU
	EndGlobalSection
	GlobalSection(SolutionProperties) = preSolution
		HideSolutionNode = FALSE
	EndGlobalSection
EndGlobal
